<?xml version="1.0" encoding="utf-8"?>
<Project ToolsVersion="4.0" xmlns="http://schemas.microsoft.com/developer/msbuild/2003">
  <ItemGroup>
    <Filter Include="Source Files">
      <UniqueIdentifier>{4FC737F1-C7A5-4376-A066-2A32D752A2FF}</UniqueIdentifier>
      <Extensions>cpp;c;cc;cxx;c++;cppm;ixx;def;odl;idl;hpj;bat;asm;asmx</Extensions>
    </Filter>
    <Filter Include="Header Files">
      <UniqueIdentifier>{93995380-89BD-4b04-88EB-625FBE52EBFB}</UniqueIdentifier>
      <Extensions>h;hh;hpp;hxx;h++;hm;inl;inc;ipp;xsd</Extensions>
    </Filter>
    <Filter Include="Resource Files">
      <UniqueIdentifier>{67DA6AB6-F800-4c08-8B7A-83BB121AAD01}</UniqueIdentifier>
      <Extensions>rc;ico;cur;bmp;dlg;rc2;rct;bin;rgs;gif;jpg;jpeg;jpe;resx;tiff;tif;png;wav;mfcribbon-ms</Extensions>
    </Filter>
    <Filter Include="Header Files\Enemies">
      <UniqueIdentifier>{22a47b88-6f14-46ba-a31a-d73e95300609}</UniqueIdentifier>
    </Filter>
    <Filter Include="Source Files\Enemies">
      <UniqueIdentifier>{4528584d-3c9c-424d-b8b2-542a1ac4b9dc}</UniqueIdentifier>
    </Filter>
    <Filter Include="Header Files\Actor">
      <UniqueIdentifier>{3634d9dd-2b87-4de8-82d3-9f7026862553}</UniqueIdentifier>
    </Filter>
    <Filter Include="Source Files\Actor">
      <UniqueIdentifier>{7e12cd8b-46d4-404b-94db-f984fe8543b1}</UniqueIdentifier>
    </Filter>
    <Filter Include="Header Files\Weapons">
      <UniqueIdentifier>{d3d87930-4788-4d76-ae74-eb024d72c285}</UniqueIdentifier>
    </Filter>
    <Filter Include="Source Files\Weapons">
      <UniqueIdentifier>{925dcef7-e108-4659-999b-e24e66daa976}</UniqueIdentifier>
    </Filter>
    <Filter Include="Header Files\Stats">
      <UniqueIdentifier>{6a21d9e2-34c2-45b7-83af-60f4e435af68}</UniqueIdentifier>
    </Filter>
    <Filter Include="Source Files\Stats">
      <UniqueIdentifier>{64f80164-f5b5-4acd-b8ec-b2d86348a67c}</UniqueIdentifier>
    </Filter>
    <Filter Include="Header Files\Players">
      <UniqueIdentifier>{b7cd2db1-8ac2-4a89-bf24-d6e35a0551a1}</UniqueIdentifier>
    </Filter>
    <Filter Include="Source Files\Players">
      <UniqueIdentifier>{69a0c3d9-2162-4c48-88f7-cf0247ad7e27}</UniqueIdentifier>
    </Filter>
    <Filter Include="Header Files\Npcs">
      <UniqueIdentifier>{43bde767-7a1a-468b-bfc7-1b337ec11667}</UniqueIdentifier>
    </Filter>
    <Filter Include="Source Files\Npcs">
      <UniqueIdentifier>{55c24cd8-52fe-4727-8653-be1eb2edd941}</UniqueIdentifier>
    </Filter>
    <Filter Include="Source Files\GameLoops">
      <UniqueIdentifier>{d9f8bbc0-ff5f-46a7-ba07-b813a07d6da1}</UniqueIdentifier>
    </Filter>
    <Filter Include="Header Files\GameLoops">
      <UniqueIdentifier>{4dd8513b-eed0-4be5-bd72-9f073414f9de}</UniqueIdentifier>
    </Filter>
    <Filter Include="Source Files\BaseObj">
      <UniqueIdentifier>{a6571e47-558d-4b3f-84db-334c452d2c82}</UniqueIdentifier>
    </Filter>
    <Filter Include="Header Files\BaseObj">
      <UniqueIdentifier>{612eb3ad-4a27-4861-a352-462fafcdd62b}</UniqueIdentifier>
    </Filter>
  </ItemGroup>
  <ItemGroup>
    <ClCompile Include="MEdzengaErgattaProject.cpp">
      <Filter>Source Files</Filter>
    </ClCompile>
    <ClCompile Include="EvilBossObj.cpp">
      <Filter>Source Files\Enemies</Filter>
    </ClCompile>
    <ClCompile Include="EnemyMng.cpp">
      <Filter>Source Files\Enemies</Filter>
    </ClCompile>
    <ClCompile Include="EnemyObj.cpp">
      <Filter>Source Files\Enemies</Filter>
    </ClCompile>
    <ClCompile Include="PufferObj.cpp">
      <Filter>Source Files\Enemies</Filter>
    </ClCompile>
    <ClCompile Include="SquabObj.cpp">
      <Filter>Source Files\Enemies</Filter>
    </ClCompile>
    <ClCompile Include="TurtleObj.cpp">
      <Filter>Source Files\Enemies</Filter>
    </ClCompile>
    <ClCompile Include="ActorObj.cpp">
      <Filter>Source Files\Actor</Filter>
    </ClCompile>
    <ClCompile Include="ActorStats.cpp">
      <Filter>Source Files\Actor</Filter>
    </ClCompile>
    <ClCompile Include="WeaponObj.cpp">
      <Filter>Source Files\Weapons</Filter>
    </ClCompile>
    <ClCompile Include="WeaponStats.cpp">
      <Filter>Source Files\Weapons</Filter>
    </ClCompile>
    <ClCompile Include="StatInt.cpp">
      <Filter>Source Files\Stats</Filter>
    </ClCompile>
    <ClCompile Include="StatFloat.cpp">
      <Filter>Source Files\Stats</Filter>
    </ClCompile>
    <ClCompile Include="PlayerObj.cpp">
      <Filter>Source Files\Players</Filter>
    </ClCompile>
    <ClCompile Include="PlayerMng.cpp">
      <Filter>Source Files\Players</Filter>
    </ClCompile>
    <ClCompile Include="NpcMng.cpp">
      <Filter>Source Files\Npcs</Filter>
    </ClCompile>
    <ClCompile Include="PrincessObj.cpp">
      <Filter>Source Files\Npcs</Filter>
    </ClCompile>
    <ClCompile Include="AssetLoader.cpp">
      <Filter>Source Files</Filter>
    </ClCompile>
    <ClCompile Include="FrameTimer.cpp">
      <Filter>Source Files</Filter>
    </ClCompile>
    <ClCompile Include="InputHandler.cpp">
      <Filter>Source Files</Filter>
    </ClCompile>
    <ClCompile Include="ConfigFile.cpp">
      <Filter>Source Files</Filter>
    </ClCompile>
    <ClCompile Include="WeaponMng.cpp">
      <Filter>Source Files\Weapons</Filter>
    </ClCompile>
    <ClCompile Include="MTGameLoop.cpp">
      <Filter>Source Files\GameLoops</Filter>
    </ClCompile>
    <ClCompile Include="STGameLoop.cpp">
      <Filter>Source Files\GameLoops</Filter>
    </ClCompile>
    <ClCompile Include="LevelLoader.cpp">
      <Filter>Source Files</Filter>
    </ClCompile>
    <ClCompile Include="GameObj.cpp">
      <Filter>Source Files\BaseObj</Filter>
    </ClCompile>
    <ClCompile Include="ObjMng.cpp">
      <Filter>Source Files\BaseObj</Filter>
    </ClCompile>
    <ClCompile Include="StatEnum.cpp">
      <Filter>Source Files\Stats</Filter>
    </ClCompile>
  </ItemGroup>
  <ItemGroup>
    <ClInclude Include="EnemyMng.h">
      <Filter>Header Files\Enemies</Filter>
    </ClInclude>
    <ClInclude Include="EnemyObj.h">
      <Filter>Header Files\Enemies</Filter>
    </ClInclude>
    <ClInclude Include="EvilBossObj.h">
      <Filter>Header Files\Enemies</Filter>
    </ClInclude>
    <ClInclude Include="PufferObj.h">
      <Filter>Header Files\Enemies</Filter>
    </ClInclude>
    <ClInclude Include="SquabObj.h">
      <Filter>Header Files\Enemies</Filter>
    </ClInclude>
    <ClInclude Include="TurtleObj.h">
      <Filter>Header Files\Enemies</Filter>
    </ClInclude>
    <ClInclude Include="ActorObj.h">
      <Filter>Header Files\Actor</Filter>
    </ClInclude>
    <ClInclude Include="ActorStats.h">
      <Filter>Header Files\Actor</Filter>
    </ClInclude>
    <ClInclude Include="WeaponObj.h">
      <Filter>Header Files\Weapons</Filter>
    </ClInclude>
    <ClInclude Include="WeaponStats.h">
      <Filter>Header Files\Weapons</Filter>
    </ClInclude>
    <ClInclude Include="StatInt.h">
      <Filter>Header Files\Stats</Filter>
    </ClInclude>
    <ClInclude Include="StatFloat.h">
      <Filter>Header Files\Stats</Filter>
    </ClInclude>
    <ClInclude Include="PlayerObj.h">
      <Filter>Header Files\Players</Filter>
    </ClInclude>
    <ClInclude Include="PlayerMng.h">
      <Filter>Header Files\Players</Filter>
    </ClInclude>
    <ClInclude Include="NpcMng.h">
      <Filter>Header Files\Npcs</Filter>
    </ClInclude>
    <ClInclude Include="PrincessObj.h">
      <Filter>Header Files\Npcs</Filter>
    </ClInclude>
    <ClInclude Include="AssetLoader.h">
      <Filter>Header Files</Filter>
    </ClInclude>
    <ClInclude Include="FrameTimer.h">
      <Filter>Header Files</Filter>
    </ClInclude>
    <ClInclude Include="InputHandler.h">
      <Filter>Header Files</Filter>
    </ClInclude>
    <ClInclude Include="ConfigFile.h">
      <Filter>Header Files</Filter>
    </ClInclude>
    <ClInclude Include="WeaponMng.h">
      <Filter>Header Files\Weapons</Filter>
    </ClInclude>
    <ClInclude Include="MTGameLoop.h">
      <Filter>Header Files\GameLoops</Filter>
    </ClInclude>
    <ClInclude Include="STGameLoop.h">
      <Filter>Header Files\GameLoops</Filter>
    </ClInclude>
    <ClInclude Include="LevelLoader.h">
      <Filter>Header Files</Filter>
    </ClInclude>
    <ClInclude Include="GameObj.h">
      <Filter>Header Files\BaseObj</Filter>
    </ClInclude>
    <ClInclude Include="ObjMng.h">
      <Filter>Header Files\BaseObj</Filter>
    </ClInclude>
    <ClInclude Include="StatEnum.h">
      <Filter>Header Files\Stats</Filter>
    </ClInclude>
  </ItemGroup>
</Project>