
Microsoft Visual Studio Solution File, Format Version 12.00
# Visual Studio Version 16
VisualStudioVersion = 16.0.31729.503
MinimumVisualStudioVersion = 10.0.40219.1
Project("{8BC9CEB8-8B4A-11D0-8D11-00A0C91BC942}") = "MEdzengaErgattaProject", "MEdzengaErgattaProject.vcxproj", "{7578ED42-B080-445D-ACF5-35ECDE76EF0C}"
EndProject
Global
	GlobalSection(SolutionConfigurationPlatforms) = preSolution
		Debug|x64 = Debug|x64
		Debug|x86 = Debug|x86
		Release|x64 = Release|x64
		Release|x86 = Release|x86
	EndGlobalSection
	GlobalSection(ProjectConfigurationPlatforms) = postSolution
		{7578ED42-B080-445D-ACF5-35ECDE76EF0C}.Debug|x64.ActiveCfg = Debug|x64
		{7578ED42-B080-445D-ACF5-35ECDE76EF0C}.Debug|x64.Build.0 = Debug|x64
		{7578ED42-B080-445D-ACF5-35ECDE76EF0C}.Debug|x86.ActiveCfg = Debug|Win32
		{7578ED42-B080-445D-ACF5-35ECDE76EF0C}.Debug|x86.Build.0 = Debug|Win32
		{7578ED42-B080-445D-ACF5-35ECDE76EF0C}.Release|x64.ActiveCfg = Release|x64
		{7578ED42-B080-445D-ACF5-35ECDE76EF0C}.Release|x64.Build.0 = Release|x64
		{7578ED42-B080-445D-ACF5-35ECDE76EF0C}.Release|x86.ActiveCfg = Release|Win32
		{7578ED42-B080-445D-ACF5-35ECDE76EF0C}.Release|x86.Build.0 = Release|Win32
	EndGlobalSection
	GlobalSection(SolutionProperties) = preSolution
		HideSolutionNode = FALSE
	EndGlobalSection
	GlobalSection(ExtensibilityGlobals) = postSolution
		SolutionGuid = {3F34914A-D930-4A08-ACA4-EB4D8DE981B1}
	EndGlobalSection
EndGlobal
